
Microsoft Visual Studio Solution File, Format Version 11.00
# Visual Studio 2010
Project("{FAE04EC0-301F-11D3-BF4B-00C04F79EFBC}") = "AR_Domos", "Assembly-CSharp.csproj", "{D15270C1-CBDA-CD3F-D8A7-52BBC0A36133}"
EndProject
Project("{FAE04EC0-301F-11D3-BF4B-00C04F79EFBC}") = "AR_Domos", "Assembly-CSharp-Editor.csproj", "{3AD07D1A-4E08-9B35-377A-72FEC4F05A12}"
EndProject
Global
	GlobalSection(SolutionConfigurationPlatforms) = preSolution
		Debug|Any CPU = Debug|Any CPU
		Release|Any CPU = Release|Any CPU
	EndGlobalSection
	GlobalSection(ProjectConfigurationPlatforms) = postSolution
		{D15270C1-CBDA-CD3F-D8A7-52BBC0A36133}.Debug|Any CPU.ActiveCfg = Debug|Any CPU
		{D15270C1-CBDA-CD3F-D8A7-52BBC0A36133}.Debug|Any CPU.Build.0 = Debug|Any CPU
		{D15270C1-CBDA-CD3F-D8A7-52BBC0A36133}.Release|Any CPU.ActiveCfg = Release|Any CPU
		{D15270C1-CBDA-CD3F-D8A7-52BBC0A36133}.Release|Any CPU.Build.0 = Release|Any CPU
		{3AD07D1A-4E08-9B35-377A-72FEC4F05A12}.Debug|Any CPU.ActiveCfg = Debug|Any CPU
		{3AD07D1A-4E08-9B35-377A-72FEC4F05A12}.Debug|Any CPU.Build.0 = Debug|Any CPU
		{3AD07D1A-4E08-9B35-377A-72FEC4F05A12}.Release|Any CPU.ActiveCfg = Release|Any CPU
		{3AD07D1A-4E08-9B35-377A-72FEC4F05A12}.Release|Any CPU.Build.0 = Release|Any CPU
	EndGlobalSection
	GlobalSection(SolutionProperties) = preSolution
		HideSolutionNode = FALSE
	EndGlobalSection
	GlobalSection(MonoDevelopProperties) = preSolution
		StartupItem = Assembly-CSharp.csproj
	EndGlobalSection
EndGlobal
